{
  "object": {
    "pins": [
      {
        "package": "CQlift",
        "repositoryURL": "https://github.com/DimaRU/qlift-c-api",
        "state": {
          "branch": "qt5",
          "revision": "386cc1055c8c049690806353e22f145ea9299e37",
          "version": null
        }
      }
    ]
  },
  "version": 1
}
