{
  "object": {
    "pins": [
      {
        "package": "CQlift",
        "repositoryURL": "https://github.com/Longhanks/qlift-c-api",
        "state": {
          "branch": "master",
          "revision": "f001a202c46e6059a8800351b9c45d080dffda7f",
          "version": null
        }
      }
    ]
  },
  "version": 1
}
